
Microsoft Visual Studio Solution File, Format Version 12.00
# Visual Studio 15
VisualStudioVersion = 15.0.27004.2002
MinimumVisualStudioVersion = 10.0.40219.1
Project("{9A19103F-16F7-4668-BE54-9A1E7A4F7556}") = "Common.Features.Summary", "Common.Features.Summary\Common.Features.Summary.csproj", "{A3100747-D897-40E4-ADDA-06DB4AE84557}"
EndProject
Project("{FAE04EC0-301F-11D3-BF4B-00C04F79EFBC}") = "Test", "Test\Test.csproj", "{A86AB58A-D553-4DB9-8F03-D7399040C19C}"
EndProject
Global
	GlobalSection(SolutionConfigurationPlatforms) = preSolution
		Debug|Any CPU = Debug|Any CPU
		Release|Any CPU = Release|Any CPU
	EndGlobalSection
	GlobalSection(ProjectConfigurationPlatforms) = postSolution
		{A3100747-D897-40E4-ADDA-06DB4AE84557}.Debug|Any CPU.ActiveCfg = Debug|Any CPU
		{A3100747-D897-40E4-ADDA-06DB4AE84557}.Debug|Any CPU.Build.0 = Debug|Any CPU
		{A3100747-D897-40E4-ADDA-06DB4AE84557}.Release|Any CPU.ActiveCfg = Release|Any CPU
		{A3100747-D897-40E4-ADDA-06DB4AE84557}.Release|Any CPU.Build.0 = Release|Any CPU
		{A86AB58A-D553-4DB9-8F03-D7399040C19C}.Debug|Any CPU.ActiveCfg = Debug|Any CPU
		{A86AB58A-D553-4DB9-8F03-D7399040C19C}.Debug|Any CPU.Build.0 = Debug|Any CPU
		{A86AB58A-D553-4DB9-8F03-D7399040C19C}.Release|Any CPU.ActiveCfg = Release|Any CPU
		{A86AB58A-D553-4DB9-8F03-D7399040C19C}.Release|Any CPU.Build.0 = Release|Any CPU
	EndGlobalSection
	GlobalSection(SolutionProperties) = preSolution
		HideSolutionNode = FALSE
	EndGlobalSection
	GlobalSection(ExtensibilityGlobals) = postSolution
		SolutionGuid = {679B5E32-36D1-4B65-B16D-F47B9CC53A07}
	EndGlobalSection
EndGlobal
